// !$*UTF8*$!
{
	archiveVersion = 1;
	classes = {
	};
	objectVersion = 48;
	objects = {

/* Begin PBXBuildFile section */
		305B853C205A949800DE9F0A /* vulkan_renderer.cpp in Sources */ = {isa = PBXBuildFile; fileRef = 305B853A205A949800DE9F0A /* vulkan_renderer.cpp */; };
		30D04CB820446D850075FCBF /* main.cpp in Sources */ = {isa = PBXBuildFile; fileRef = 30D04CB720446D850075FCBF /* main.cpp */; };
		30D04CC120446DC30075FCBF /* vulkan.framework in CopyFiles */ = {isa = PBXBuildFile; fileRef = 30D04CBF20446DA60075FCBF /* vulkan.framework */; };
/* End PBXBuildFile section */

/* Begin PBXCopyFilesBuildPhase section */
		30D04CB220446D850075FCBF /* CopyFiles */ = {
			isa = PBXCopyFilesBuildPhase;
			buildActionMask = 12;
			dstPath = "";
			dstSubfolderSpec = 10;
			files = (
				30D04CC120446DC30075FCBF /* vulkan.framework in CopyFiles */,
			);
			runOnlyForDeploymentPostprocessing = 0;
		};
/* End PBXCopyFilesBuildPhase section */

/* Begin PBXFileReference section */
		305B8537205A8E9D00DE9F0A /* instance.cpp */ = {isa = PBXFileReference; lastKnownFileType = sourcecode.cpp.cpp; path = instance.cpp; sourceTree = "<group>"; };
		305B8538205A8E9D00DE9F0A /* instance.hpp */ = {isa = PBXFileReference; lastKnownFileType = sourcecode.cpp.h; path = instance.hpp; sourceTree = "<group>"; };
		305B853A205A949800DE9F0A /* vulkan_renderer.cpp */ = {isa = PBXFileReference; lastKnownFileType = sourcecode.cpp.cpp; path = vulkan_renderer.cpp; sourceTree = "<group>"; };
		305B853B205A949800DE9F0A /* vulkan_renderer.hpp */ = {isa = PBXFileReference; lastKnownFileType = sourcecode.cpp.h; path = vulkan_renderer.hpp; sourceTree = "<group>"; };
		308B9B022045655B00F39038 /* graphics_context.cpp */ = {isa = PBXFileReference; lastKnownFileType = sourcecode.cpp.cpp; path = graphics_context.cpp; sourceTree = "<group>"; };
		308B9B032045655B00F39038 /* graphics_context.hpp */ = {isa = PBXFileReference; lastKnownFileType = sourcecode.cpp.h; path = graphics_context.hpp; sourceTree = "<group>"; };
		30D04CB420446D850075FCBF /* Vulkan_test */ = {isa = PBXFileReference; explicitFileType = "compiled.mach-o.executable"; includeInIndex = 0; path = Vulkan_test; sourceTree = BUILT_PRODUCTS_DIR; };
		30D04CB720446D850075FCBF /* main.cpp */ = {isa = PBXFileReference; lastKnownFileType = sourcecode.cpp.cpp; path = main.cpp; sourceTree = "<group>"; };
		30D04CBF20446DA60075FCBF /* vulkan.framework */ = {isa = PBXFileReference; lastKnownFileType = wrapper.framework; name = vulkan.framework; path = "../../../Downloads/vulkansdk-macos-1.0.69.0/macOS/Frameworks/vulkan.framework"; sourceTree = "<group>"; };
/* End PBXFileReference section */

/* Begin PBXFrameworksBuildPhase section */
		30D04CB120446D850075FCBF /* Frameworks */ = {
			isa = PBXFrameworksBuildPhase;
			buildActionMask = 2147483647;
			files = (
			);
			runOnlyForDeploymentPostprocessing = 0;
		};
/* End PBXFrameworksBuildPhase section */

/* Begin PBXGroup section */
		30D04CAB20446D850075FCBF = {
			isa = PBXGroup;
			children = (
				30D04CB620446D850075FCBF /* Vulkan_test */,
				30D04CBE20446DA60075FCBF /* Frameworks */,
			);
			sourceTree = "<group>";
		};
		30D04CB520446D850075FCBF /* Products */ = {
			isa = PBXGroup;
			children = (
				30D04CB420446D850075FCBF /* Vulkan_test */,
			);
			name = Products;
			path = ..;
			sourceTree = "<group>";
		};
		30D04CB620446D850075FCBF /* Vulkan_test */ = {
			isa = PBXGroup;
			children = (
				30D04CB720446D850075FCBF /* main.cpp */,
				308B9B022045655B00F39038 /* graphics_context.cpp */,
				308B9B032045655B00F39038 /* graphics_context.hpp */,
				30D04CB520446D850075FCBF /* Products */,
				305B8537205A8E9D00DE9F0A /* instance.cpp */,
				305B8538205A8E9D00DE9F0A /* instance.hpp */,
				305B853A205A949800DE9F0A /* vulkan_renderer.cpp */,
				305B853B205A949800DE9F0A /* vulkan_renderer.hpp */,
			);
			path = Vulkan_test;
			sourceTree = "<group>";
		};
		30D04CBE20446DA60075FCBF /* Frameworks */ = {
			isa = PBXGroup;
			children = (
				30D04CBF20446DA60075FCBF /* vulkan.framework */,
			);
			name = Frameworks;
			sourceTree = "<group>";
		};
/* End PBXGroup section */

/* Begin PBXNativeTarget section */
		30D04CB320446D850075FCBF /* Vulkan_test */ = {
			isa = PBXNativeTarget;
			buildConfigurationList = 30D04CBB20446D850075FCBF /* Build configuration list for PBXNativeTarget "Vulkan_test" */;
			buildPhases = (
				30D04CB020446D850075FCBF /* Sources */,
				30D04CB120446D850075FCBF /* Frameworks */,
				30D04CB220446D850075FCBF /* CopyFiles */,
			);
			buildRules = (
			);
			dependencies = (
			);
			name = Vulkan_test;
			productName = Vulkan_test;
			productReference = 30D04CB420446D850075FCBF /* Vulkan_test */;
			productType = "com.apple.product-type.tool";
		};
/* End PBXNativeTarget section */

/* Begin PBXProject section */
		30D04CAC20446D850075FCBF /* Project object */ = {
			isa = PBXProject;
			attributes = {
				LastUpgradeCheck = 0920;
				ORGANIZATIONNAME = Danny;
				TargetAttributes = {
					30D04CB320446D850075FCBF = {
						CreatedOnToolsVersion = 9.2;
						ProvisioningStyle = Automatic;
					};
				};
			};
			buildConfigurationList = 30D04CAF20446D850075FCBF /* Build configuration list for PBXProject "Vulkan_test" */;
			compatibilityVersion = "Xcode 8.0";
			developmentRegion = en;
			hasScannedForEncodings = 0;
			knownRegions = (
				en,
			);
			mainGroup = 30D04CAB20446D850075FCBF;
			productRefGroup = 30D04CB520446D850075FCBF /* Products */;
			projectDirPath = "";
			projectRoot = "";
			targets = (
				30D04CB320446D850075FCBF /* Vulkan_test */,
			);
		};
/* End PBXProject section */

/* Begin PBXSourcesBuildPhase section */
		30D04CB020446D850075FCBF /* Sources */ = {
			isa = PBXSourcesBuildPhase;
			buildActionMask = 2147483647;
			files = (
				30D04CB820446D850075FCBF /* main.cpp in Sources */,
				305B853C205A949800DE9F0A /* vulkan_renderer.cpp in Sources */,
			);
			runOnlyForDeploymentPostprocessing = 0;
		};
/* End PBXSourcesBuildPhase section */

/* Begin XCBuildConfiguration section */
		30D04CB920446D850075FCBF /* Debug */ = {
			isa = XCBuildConfiguration;
			buildSettings = {
				ALWAYS_SEARCH_USER_PATHS = NO;
				CLANG_ANALYZER_NONNULL = YES;
				CLANG_ANALYZER_NUMBER_OBJECT_CONVERSION = YES_AGGRESSIVE;
				CLANG_CXX_LANGUAGE_STANDARD = "gnu++14";
				CLANG_CXX_LIBRARY = "libc++";
				CLANG_ENABLE_MODULES = YES;
				CLANG_ENABLE_OBJC_ARC = YES;
				CLANG_WARN_BLOCK_CAPTURE_AUTORELEASING = YES;
				CLANG_WARN_BOOL_CONVERSION = YES;
				CLANG_WARN_COMMA = YES;
				CLANG_WARN_CONSTANT_CONVERSION = YES;
				CLANG_WARN_DIRECT_OBJC_ISA_USAGE = YES_ERROR;
				CLANG_WARN_DOCUMENTATION_COMMENTS = YES;
				CLANG_WARN_EMPTY_BODY = YES;
				CLANG_WARN_ENUM_CONVERSION = YES;
				CLANG_WARN_INFINITE_RECURSION = YES;
				CLANG_WARN_INT_CONVERSION = YES;
				CLANG_WARN_NON_LITERAL_NULL_CONVERSION = YES;
				CLANG_WARN_OBJC_LITERAL_CONVERSION = YES;
				CLANG_WARN_OBJC_ROOT_CLASS = YES_ERROR;
				CLANG_WARN_RANGE_LOOP_ANALYSIS = YES;
				CLANG_WARN_STRICT_PROTOTYPES = YES;
				CLANG_WARN_SUSPICIOUS_MOVE = YES;
				CLANG_WARN_UNGUARDED_AVAILABILITY = YES_AGGRESSIVE;
				CLANG_WARN_UNREACHABLE_CODE = YES;
				CLANG_WARN__DUPLICATE_METHOD_MATCH = YES;
				CODE_SIGN_IDENTITY = "-";
				COPY_PHASE_STRIP = NO;
				DEBUG_INFORMATION_FORMAT = dwarf;
				ENABLE_STRICT_OBJC_MSGSEND = YES;
				ENABLE_TESTABILITY = YES;
				GCC_C_LANGUAGE_STANDARD = gnu11;
				GCC_DYNAMIC_NO_PIC = NO;
				GCC_NO_COMMON_BLOCKS = YES;
				GCC_OPTIMIZATION_LEVEL = 0;
				GCC_PREPROCESSOR_DEFINITIONS = (
					"DEBUG=1",
					"$(inherited)",
				);
				GCC_WARN_64_TO_32_BIT_CONVERSION = YES;
				GCC_WARN_ABOUT_RETURN_TYPE = YES_ERROR;
				GCC_WARN_UNDECLARED_SELECTOR = YES;
				GCC_WARN_UNINITIALIZED_AUTOS = YES_AGGRESSIVE;
				GCC_WARN_UNUSED_FUNCTION = YES;
				GCC_WARN_UNUSED_VARIABLE = YES;
				MACOSX_DEPLOYMENT_TARGET = 10.13;
				MTL_ENABLE_DEBUG_INFO = YES;
				ONLY_ACTIVE_ARCH = YES;
				SDKROOT = macosx;
			};
			name = Debug;
		};
		30D04CBA20446D850075FCBF /* Release */ = {
			isa = XCBuildConfiguration;
			buildSettings = {
				ALWAYS_SEARCH_USER_PATHS = NO;
				CLANG_ANALYZER_NONNULL = YES;
				CLANG_ANALYZER_NUMBER_OBJECT_CONVERSION = YES_AGGRESSIVE;
				CLANG_CXX_LANGUAGE_STANDARD = "gnu++14";
				CLANG_CXX_LIBRARY = "libc++";
				CLANG_ENABLE_MODULES = YES;
				CLANG_ENABLE_OBJC_ARC = YES;
				CLANG_WARN_BLOCK_CAPTURE_AUTORELEASING = YES;
				CLANG_WARN_BOOL_CONVERSION = YES;
				CLANG_WARN_COMMA = YES;
				CLANG_WARN_CONSTANT_CONVERSION = YES;
				CLANG_WARN_DIRECT_OBJC_ISA_USAGE = YES_ERROR;
				CLANG_WARN_DOCUMENTATION_COMMENTS = YES;
				CLANG_WARN_EMPTY_BODY = YES;
				CLANG_WARN_ENUM_CONVERSION = YES;
				CLANG_WARN_INFINITE_RECURSION = YES;
				CLANG_WARN_INT_CONVERSION = YES;
				CLANG_WARN_NON_LITERAL_NULL_CONVERSION = YES;
				CLANG_WARN_OBJC_LITERAL_CONVERSION = YES;
				CLANG_WARN_OBJC_ROOT_CLASS = YES_ERROR;
				CLANG_WARN_RANGE_LOOP_ANALYSIS = YES;
				CLANG_WARN_STRICT_PROTOTYPES = YES;
				CLANG_WARN_SUSPICIOUS_MOVE = YES;
				CLANG_WARN_UNGUARDED_AVAILABILITY = YES_AGGRESSIVE;
				CLANG_WARN_UNREACHABLE_CODE = YES;
				CLANG_WARN__DUPLICATE_METHOD_MATCH = YES;
				CODE_SIGN_IDENTITY = "-";
				COPY_PHASE_STRIP = NO;
				DEBUG_INFORMATION_FORMAT = "dwarf-with-dsym";
				ENABLE_NS_ASSERTIONS = NO;
				ENABLE_STRICT_OBJC_MSGSEND = YES;
				GCC_C_LANGUAGE_STANDARD = gnu11;
				GCC_NO_COMMON_BLOCKS = YES;
				GCC_WARN_64_TO_32_BIT_CONVERSION = YES;
				GCC_WARN_ABOUT_RETURN_TYPE = YES_ERROR;
				GCC_WARN_UNDECLARED_SELECTOR = YES;
				GCC_WARN_UNINITIALIZED_AUTOS = YES_AGGRESSIVE;
				GCC_WARN_UNUSED_FUNCTION = YES;
				GCC_WARN_UNUSED_VARIABLE = YES;
				MACOSX_DEPLOYMENT_TARGET = 10.13;
				MTL_ENABLE_DEBUG_INFO = NO;
				SDKROOT = macosx;
			};
			name = Release;
		};
		30D04CBC20446D850075FCBF /* Debug */ = {
			isa = XCBuildConfiguration;
			buildSettings = {
				CODE_SIGN_STYLE = Automatic;
				HEADER_SEARCH_PATHS = /usr/local/include;
				LIBRARY_SEARCH_PATHS = /usr/local/lib;
				OTHER_LDFLAGS = "-lvulkan";
				PRODUCT_NAME = "$(TARGET_NAME)";
				USE_HEADERMAP = NO;
			};
			name = Debug;
		};
		30D04CBD20446D850075FCBF /* Release */ = {
			isa = XCBuildConfiguration;
			buildSettings = {
				CODE_SIGN_STYLE = Automatic;
				HEADER_SEARCH_PATHS = /usr/local/include;
				LIBRARY_SEARCH_PATHS = /usr/local/lib;
				OTHER_LDFLAGS = "-lvulkan";
				PRODUCT_NAME = "$(TARGET_NAME)";
				USE_HEADERMAP = NO;
			};
			name = Release;
		};
/* End XCBuildConfiguration section */

/* Begin XCConfigurationList section */
		30D04CAF20446D850075FCBF /* Build configuration list for PBXProject "Vulkan_test" */ = {
			isa = XCConfigurationList;
			buildConfigurations = (
				30D04CB920446D850075FCBF /* Debug */,
				30D04CBA20446D850075FCBF /* Release */,
			);
			defaultConfigurationIsVisible = 0;
			defaultConfigurationName = Release;
		};
		30D04CBB20446D850075FCBF /* Build configuration list for PBXNativeTarget "Vulkan_test" */ = {
			isa = XCConfigurationList;
			buildConfigurations = (
				30D04CBC20446D850075FCBF /* Debug */,
				30D04CBD20446D850075FCBF /* Release */,
			);
			defaultConfigurationIsVisible = 0;
			defaultConfigurationName = Release;
		};
/* End XCConfigurationList section */
	};
	rootObject = 30D04CAC20446D850075FCBF /* Project object */;
}
